
Microsoft Visual Studio Solution File, Format Version 11.00
# Visual Studio 2010
Project("{8BC9CEB8-8B4A-11D0-8D11-00A0C91BC942}") = "lkokkk", "lkokkk\lkokkk.vcxproj", "{967E5DEF-D989-4498-AD7A-55FF9C8D102B}"
EndProject
Global
	GlobalSection(SolutionConfigurationPlatforms) = preSolution
		Debug|Win32 = Debug|Win32
		Release|Win32 = Release|Win32
	EndGlobalSection
	GlobalSection(ProjectConfigurationPlatforms) = postSolution
		{967E5DEF-D989-4498-AD7A-55FF9C8D102B}.Debug|Win32.ActiveCfg = Debug|Win32
		{967E5DEF-D989-4498-AD7A-55FF9C8D102B}.Debug|Win32.Build.0 = Debug|Win32
		{967E5DEF-D989-4498-AD7A-55FF9C8D102B}.Release|Win32.ActiveCfg = Release|Win32
		{967E5DEF-D989-4498-AD7A-55FF9C8D102B}.Release|Win32.Build.0 = Release|Win32
	EndGlobalSection
	GlobalSection(SolutionProperties) = preSolution
		HideSolutionNode = FALSE
	EndGlobalSection
EndGlobal
